
Microsoft Visual Studio Solution File, Format Version 12.00
# Visual Studio Version 16
VisualStudioVersion = 16.0.30523.141
MinimumVisualStudioVersion = 10.0.40219.1
Project("{8BC9CEB8-8B4A-11D0-8D11-00A0C91BC942}") = "Projekt 6.3", "Projekt 6.3\Projekt 6.3.vcxproj", "{270F306F-FE60-490F-8529-11A7AE5D8CDA}"
EndProject
Project("{8BC9CEB8-8B4A-11D0-8D11-00A0C91BC942}") = "UnitTest6.3", "UnitTest6.3\UnitTest6.3.vcxproj", "{71B09E9F-6F3B-4A18-89F2-EE48C510C25C}"
EndProject
Global
	GlobalSection(SolutionConfigurationPlatforms) = preSolution
		Debug|x64 = Debug|x64
		Debug|x86 = Debug|x86
		Release|x64 = Release|x64
		Release|x86 = Release|x86
	EndGlobalSection
	GlobalSection(ProjectConfigurationPlatforms) = postSolution
		{270F306F-FE60-490F-8529-11A7AE5D8CDA}.Debug|x64.ActiveCfg = Debug|x64
		{270F306F-FE60-490F-8529-11A7AE5D8CDA}.Debug|x64.Build.0 = Debug|x64
		{270F306F-FE60-490F-8529-11A7AE5D8CDA}.Debug|x86.ActiveCfg = Debug|Win32
		{270F306F-FE60-490F-8529-11A7AE5D8CDA}.Debug|x86.Build.0 = Debug|Win32
		{270F306F-FE60-490F-8529-11A7AE5D8CDA}.Release|x64.ActiveCfg = Release|x64
		{270F306F-FE60-490F-8529-11A7AE5D8CDA}.Release|x64.Build.0 = Release|x64
		{270F306F-FE60-490F-8529-11A7AE5D8CDA}.Release|x86.ActiveCfg = Release|Win32
		{270F306F-FE60-490F-8529-11A7AE5D8CDA}.Release|x86.Build.0 = Release|Win32
		{71B09E9F-6F3B-4A18-89F2-EE48C510C25C}.Debug|x64.ActiveCfg = Debug|x64
		{71B09E9F-6F3B-4A18-89F2-EE48C510C25C}.Debug|x64.Build.0 = Debug|x64
		{71B09E9F-6F3B-4A18-89F2-EE48C510C25C}.Debug|x86.ActiveCfg = Debug|Win32
		{71B09E9F-6F3B-4A18-89F2-EE48C510C25C}.Debug|x86.Build.0 = Debug|Win32
		{71B09E9F-6F3B-4A18-89F2-EE48C510C25C}.Release|x64.ActiveCfg = Release|x64
		{71B09E9F-6F3B-4A18-89F2-EE48C510C25C}.Release|x64.Build.0 = Release|x64
		{71B09E9F-6F3B-4A18-89F2-EE48C510C25C}.Release|x86.ActiveCfg = Release|Win32
		{71B09E9F-6F3B-4A18-89F2-EE48C510C25C}.Release|x86.Build.0 = Release|Win32
	EndGlobalSection
	GlobalSection(SolutionProperties) = preSolution
		HideSolutionNode = FALSE
	EndGlobalSection
	GlobalSection(ExtensibilityGlobals) = postSolution
		SolutionGuid = {9A0BA217-1B38-4D7C-9331-2680BECB627F}
	EndGlobalSection
EndGlobal
